
Microsoft Visual Studio Solution File, Format Version 12.00
# Visual Studio Version 16
VisualStudioVersion = 16.0.29613.14
MinimumVisualStudioVersion = 10.0.40219.1
Project("{FAE04EC0-301F-11D3-BF4B-00C04F79EFBC}") = "VeevaDeleteActivity", "VeevaDeleteActivity\VeevaDeleteActivity.csproj", "{F495CD62-6412-464B-83E3-C5C92C8FD2DC}"
EndProject
Project("{FAE04EC0-301F-11D3-BF4B-00C04F79EFBC}") = "SFBulkAPIStarter", "SFBulkAPIStarter\SFBulkAPIStarter.csproj", "{09B37741-9AF6-4614-8E2A-356DF6656290}"
EndProject
Project("{FAE04EC0-301F-11D3-BF4B-00C04F79EFBC}") = "SFBulkAPIStarterTest", "SFBulkAPIStarterTest\SFBulkAPIStarterTest.csproj", "{C2FFEA1F-480F-4D8A-A836-ADC7E0587DFE}"
EndProject
Global
	GlobalSection(SolutionConfigurationPlatforms) = preSolution
		Debug|Any CPU = Debug|Any CPU
		Release|Any CPU = Release|Any CPU
	EndGlobalSection
	GlobalSection(ProjectConfigurationPlatforms) = postSolution
		{F495CD62-6412-464B-83E3-C5C92C8FD2DC}.Debug|Any CPU.ActiveCfg = Debug|Any CPU
		{F495CD62-6412-464B-83E3-C5C92C8FD2DC}.Debug|Any CPU.Build.0 = Debug|Any CPU
		{F495CD62-6412-464B-83E3-C5C92C8FD2DC}.Release|Any CPU.ActiveCfg = Release|Any CPU
		{F495CD62-6412-464B-83E3-C5C92C8FD2DC}.Release|Any CPU.Build.0 = Release|Any CPU
		{09B37741-9AF6-4614-8E2A-356DF6656290}.Debug|Any CPU.ActiveCfg = Debug|Any CPU
		{09B37741-9AF6-4614-8E2A-356DF6656290}.Debug|Any CPU.Build.0 = Debug|Any CPU
		{09B37741-9AF6-4614-8E2A-356DF6656290}.Release|Any CPU.ActiveCfg = Release|Any CPU
		{09B37741-9AF6-4614-8E2A-356DF6656290}.Release|Any CPU.Build.0 = Release|Any CPU
		{C2FFEA1F-480F-4D8A-A836-ADC7E0587DFE}.Debug|Any CPU.ActiveCfg = Debug|Any CPU
		{C2FFEA1F-480F-4D8A-A836-ADC7E0587DFE}.Debug|Any CPU.Build.0 = Debug|Any CPU
		{C2FFEA1F-480F-4D8A-A836-ADC7E0587DFE}.Release|Any CPU.ActiveCfg = Release|Any CPU
		{C2FFEA1F-480F-4D8A-A836-ADC7E0587DFE}.Release|Any CPU.Build.0 = Release|Any CPU
	EndGlobalSection
	GlobalSection(SolutionProperties) = preSolution
		HideSolutionNode = FALSE
	EndGlobalSection
	GlobalSection(ExtensibilityGlobals) = postSolution
		SolutionGuid = {D34D9BB4-F418-45DF-8550-AD4BC7291044}
	EndGlobalSection
EndGlobal
