
Microsoft Visual Studio Solution File, Format Version 12.00
# Visual Studio Version 16
VisualStudioVersion = 16.0.29613.14
MinimumVisualStudioVersion = 10.0.40219.1
Project("{FAE04EC0-301F-11D3-BF4B-00C04F79EFBC}") = "JobMonitor", "JobMonitor\JobMonitor.csproj", "{9A9681C1-A9C3-4E06-8600-D648A27B49FB}"
EndProject
Global
	GlobalSection(SolutionConfigurationPlatforms) = preSolution
		Debug|Any CPU = Debug|Any CPU
		Release|Any CPU = Release|Any CPU
	EndGlobalSection
	GlobalSection(ProjectConfigurationPlatforms) = postSolution
		{9A9681C1-A9C3-4E06-8600-D648A27B49FB}.Debug|Any CPU.ActiveCfg = Debug|Any CPU
		{9A9681C1-A9C3-4E06-8600-D648A27B49FB}.Debug|Any CPU.Build.0 = Debug|Any CPU
		{9A9681C1-A9C3-4E06-8600-D648A27B49FB}.Release|Any CPU.ActiveCfg = Release|Any CPU
		{9A9681C1-A9C3-4E06-8600-D648A27B49FB}.Release|Any CPU.Build.0 = Release|Any CPU
	EndGlobalSection
	GlobalSection(SolutionProperties) = preSolution
		HideSolutionNode = FALSE
	EndGlobalSection
	GlobalSection(ExtensibilityGlobals) = postSolution
		SolutionGuid = {62451FDA-F91E-4DD6-9F62-220E20CFC5C2}
	EndGlobalSection
EndGlobal
