
Microsoft Visual Studio Solution File, Format Version 12.00
# Visual Studio Version 16
VisualStudioVersion = 16.0.29613.14
MinimumVisualStudioVersion = 10.0.40219.1
Project("{FAE04EC0-301F-11D3-BF4B-00C04F79EFBC}") = "ODSAutomationUtility", "ODSAutomationUtility\ODSAutomationUtility.csproj", "{3FE50919-3B34-4E84-AD0A-1974223DC804}"
EndProject
Global
	GlobalSection(SolutionConfigurationPlatforms) = preSolution
		Debug|Any CPU = Debug|Any CPU
		Release|Any CPU = Release|Any CPU
	EndGlobalSection
	GlobalSection(ProjectConfigurationPlatforms) = postSolution
		{3FE50919-3B34-4E84-AD0A-1974223DC804}.Debug|Any CPU.ActiveCfg = Debug|Any CPU
		{3FE50919-3B34-4E84-AD0A-1974223DC804}.Debug|Any CPU.Build.0 = Debug|Any CPU
		{3FE50919-3B34-4E84-AD0A-1974223DC804}.Release|Any CPU.ActiveCfg = Release|Any CPU
		{3FE50919-3B34-4E84-AD0A-1974223DC804}.Release|Any CPU.Build.0 = Release|Any CPU
	EndGlobalSection
	GlobalSection(SolutionProperties) = preSolution
		HideSolutionNode = FALSE
	EndGlobalSection
	GlobalSection(ExtensibilityGlobals) = postSolution
		SolutionGuid = {1D912898-C747-4E7B-AB9F-04BEF8A36801}
	EndGlobalSection
EndGlobal
